
Microsoft Visual Studio Solution File, Format Version 12.00
# Visual Studio Version 16
VisualStudioVersion = 16.0.30907.101
MinimumVisualStudioVersion = 10.0.40219.1
Project("{FAE04EC0-301F-11D3-BF4B-00C04F79EFBC}") = "HiLo", "HiLo\HiLo.csproj", "{61DD1626-3A6C-4154-8B84-2DCCB91861ED}"
EndProject
Global
	GlobalSection(SolutionConfigurationPlatforms) = preSolution
		Debug|Any CPU = Debug|Any CPU
		Release|Any CPU = Release|Any CPU
	EndGlobalSection
	GlobalSection(ProjectConfigurationPlatforms) = postSolution
		{61DD1626-3A6C-4154-8B84-2DCCB91861ED}.Debug|Any CPU.ActiveCfg = Debug|Any CPU
		{61DD1626-3A6C-4154-8B84-2DCCB91861ED}.Debug|Any CPU.Build.0 = Debug|Any CPU
		{61DD1626-3A6C-4154-8B84-2DCCB91861ED}.Release|Any CPU.ActiveCfg = Release|Any CPU
		{61DD1626-3A6C-4154-8B84-2DCCB91861ED}.Release|Any CPU.Build.0 = Release|Any CPU
	EndGlobalSection
	GlobalSection(SolutionProperties) = preSolution
		HideSolutionNode = FALSE
	EndGlobalSection
	GlobalSection(ExtensibilityGlobals) = postSolution
		SolutionGuid = {6076FA4F-2D3A-4C32-804E-05563C79EC2F}
	EndGlobalSection
EndGlobal
